
Microsoft Visual Studio Solution File, Format Version 12.00
# Visual Studio 15
VisualStudioVersion = 15.0.27703.2026
MinimumVisualStudioVersion = 10.0.40219.1
Project("{FAE04EC0-301F-11D3-BF4B-00C04F79EFBC}") = "Pharmacy", "Pharmacy\Pharmacy.csproj", "{FC542C44-E36A-42FE-BD39-E3692D915F18}"
EndProject
Global
	GlobalSection(SolutionConfigurationPlatforms) = preSolution
		Debug|Any CPU = Debug|Any CPU
		Release|Any CPU = Release|Any CPU
	EndGlobalSection
	GlobalSection(ProjectConfigurationPlatforms) = postSolution
		{FC542C44-E36A-42FE-BD39-E3692D915F18}.Debug|Any CPU.ActiveCfg = Debug|Any CPU
		{FC542C44-E36A-42FE-BD39-E3692D915F18}.Debug|Any CPU.Build.0 = Debug|Any CPU
		{FC542C44-E36A-42FE-BD39-E3692D915F18}.Release|Any CPU.ActiveCfg = Release|Any CPU
		{FC542C44-E36A-42FE-BD39-E3692D915F18}.Release|Any CPU.Build.0 = Release|Any CPU
	EndGlobalSection
	GlobalSection(SolutionProperties) = preSolution
		HideSolutionNode = FALSE
	EndGlobalSection
	GlobalSection(ExtensibilityGlobals) = postSolution
		SolutionGuid = {78520270-6399-413E-A875-E9F192E0FB59}
	EndGlobalSection
EndGlobal
